
Microsoft Visual Studio Solution File, Format Version 12.00
# Visual Studio Version 17
VisualStudioVersion = 17.3.32819.101
MinimumVisualStudioVersion = 10.0.40219.1
Project("{9A19103F-16F7-4668-BE54-9A1E7A4F7556}") = "vipief", "vipief\vipief.csproj", "{279345E8-4F68-4846-A4C5-B33179D50638}"
EndProject
Project("{9A19103F-16F7-4668-BE54-9A1E7A4F7556}") = "Serializer", "Serializer\Serializer.csproj", "{98F85C62-F844-45E6-93A2-3F895A5FBA6A}"
EndProject
Project("{FAE04EC0-301F-11D3-BF4B-00C04F79EFBC}") = "WpfCustomControlLibrary1", "WpfCustomControlLibrary1\WpfCustomControlLibrary1.csproj", "{28FEEAE6-2715-4821-B196-51F106C861A4}"
EndProject
Global
	GlobalSection(SolutionConfigurationPlatforms) = preSolution
		Debug|Any CPU = Debug|Any CPU
		Release|Any CPU = Release|Any CPU
	EndGlobalSection
	GlobalSection(ProjectConfigurationPlatforms) = postSolution
		{279345E8-4F68-4846-A4C5-B33179D50638}.Debug|Any CPU.ActiveCfg = Debug|Any CPU
		{279345E8-4F68-4846-A4C5-B33179D50638}.Debug|Any CPU.Build.0 = Debug|Any CPU
		{279345E8-4F68-4846-A4C5-B33179D50638}.Release|Any CPU.ActiveCfg = Release|Any CPU
		{279345E8-4F68-4846-A4C5-B33179D50638}.Release|Any CPU.Build.0 = Release|Any CPU
		{98F85C62-F844-45E6-93A2-3F895A5FBA6A}.Debug|Any CPU.ActiveCfg = Debug|Any CPU
		{98F85C62-F844-45E6-93A2-3F895A5FBA6A}.Debug|Any CPU.Build.0 = Debug|Any CPU
		{98F85C62-F844-45E6-93A2-3F895A5FBA6A}.Release|Any CPU.ActiveCfg = Release|Any CPU
		{98F85C62-F844-45E6-93A2-3F895A5FBA6A}.Release|Any CPU.Build.0 = Release|Any CPU
		{28FEEAE6-2715-4821-B196-51F106C861A4}.Debug|Any CPU.ActiveCfg = Debug|Any CPU
		{28FEEAE6-2715-4821-B196-51F106C861A4}.Debug|Any CPU.Build.0 = Debug|Any CPU
		{28FEEAE6-2715-4821-B196-51F106C861A4}.Release|Any CPU.ActiveCfg = Release|Any CPU
		{28FEEAE6-2715-4821-B196-51F106C861A4}.Release|Any CPU.Build.0 = Release|Any CPU
	EndGlobalSection
	GlobalSection(SolutionProperties) = preSolution
		HideSolutionNode = FALSE
	EndGlobalSection
	GlobalSection(ExtensibilityGlobals) = postSolution
		SolutionGuid = {125493D3-4EB2-44A8-8227-CB0EFF13F740}
	EndGlobalSection
EndGlobal
